{
  "name": "migrateusers",
  "version": "1.0.0",
  "lockfileVersion": 1,
  "requires": true,
  "dependencies": {
    "bottleneck": {
      "version": "2.19.5",
      "resolved": "https://registry.npmjs.org/bottleneck/-/bottleneck-2.19.5.tgz",
      "integrity": "sha512-VHiNCbI1lKdl44tGrhNfU3lup0Tj/ZBMJB5/2ZbNXRCPuRCO7ed2mgcK4r17y+KB2EfuYuRaVlwNbAeaWGSpbw=="
    },
    "csv": {
      "version": "5.3.0",
      "resolved": "https://registry.npmjs.org/csv/-/csv-5.3.0.tgz",
      "integrity": "sha512-Q4Kid1hhScm0ciMVhMMl3gMZaIk0YNJnnpfp7LNXGnvnntjf4BMhB9h15v6A4ftNh7QRc/wPBot9pQgManKAuQ==",
      "requires": {
        "csv-generate": "^3.2.3",
        "csv-parse": "^4.8.0",
        "csv-stringify": "^5.3.3",
        "stream-transform": "^2.0.1"
      }
    },
    "csv-generate": {
      "version": "3.2.3",
      "resolved": "https://registry.npmjs.org/csv-generate/-/csv-generate-3.2.3.tgz",
      "integrity": "sha512-IcR3K0Nx+nJAkcU2eAglVR7DuHnxcuhUM2w2cR+aHOW7bZp2S5LyN2HF3zTkp6BV/DjR6ykoKznUm+AjnWcOKg=="
    },
    "csv-parse": {
      "version": "4.8.2",
      "resolved": "https://registry.npmjs.org/csv-parse/-/csv-parse-4.8.2.tgz",
      "integrity": "sha512-WfYwyJepTbjS5jWAWpVskOJ8Z10231HaFw6qJhSjGrpfMPf3yuoRohlasYsP/6/3YgTQcvZpTvoUo37eaei9Fw=="
    },
    "csv-stringify": {
      "version": "5.3.3",
      "resolved": "https://registry.npmjs.org/csv-stringify/-/csv-stringify-5.3.3.tgz",
      "integrity": "sha512-q8Qj+/lN74LRmG7Mg0LauE5WcnJOD5MEGe1gI57IYJCB61KWuEbAFHm1uIPDkI26aqElyBB57SlE2GGwq2EY5A=="
    },
    "mixme": {
      "version": "0.3.2",
      "resolved": "https://registry.npmjs.org/mixme/-/mixme-0.3.2.tgz",
      "integrity": "sha512-tilCZOvIhRETXJuTmxxpz8mgplF7gmFhcH05JuR/YL+JLO98gLRQ1Mk4XpYQxxbPMKupSOv+Bidw7EKv8wds1w=="
    },
    "stream-transform": {
      "version": "2.0.1",
      "resolved": "https://registry.npmjs.org/stream-transform/-/stream-transform-2.0.1.tgz",
      "integrity": "sha512-GiTcO/rRvZP2R8WPwxmxCFP+Of1yIATuFAmYkvSLDfcD93X2WHiPwdgIqeFT2CvL1gyAsjQvu1nB6RDNQ5b2jw==",
      "requires": {
        "mixme": "^0.3.1"
      }
    }
  }
}
